
Microsoft Visual Studio Solution File, Format Version 12.00
# Visual Studio 2012
Project("{FAE04EC0-301F-11D3-BF4B-00C04F79EFBC}") = "MetroMonitor.Data", "MetroMonitor\MetroMonitor.Data.csproj", "{638643DF-E1DF-4577-8DD5-FFE0779EE18F}"
EndProject
Project("{FAE04EC0-301F-11D3-BF4B-00C04F79EFBC}") = "MetroMonitor.MonitoringService", "MetroMonitor.MonitoringService\MetroMonitor.MonitoringService.csproj", "{369F0B50-EC9E-4E92-ABEB-B9D49966456D}"
EndProject
Project("{FAE04EC0-301F-11D3-BF4B-00C04F79EFBC}") = "MetroMonitor.MonitoringService.Core", "MetroMonitor.MonitoringService.Core\MetroMonitor.MonitoringService.Core.csproj", "{D0EB8D00-EABA-4E7B-A114-F577028FD850}"
EndProject
Project("{FAE04EC0-301F-11D3-BF4B-00C04F79EFBC}") = "MetroMonitor.DataServices", "MetroMonitor.DataServices\MetroMonitor.DataServices.csproj", "{1F73064F-518B-4993-9CF9-27A94470AD60}"
EndProject
Project("{FAE04EC0-301F-11D3-BF4B-00C04F79EFBC}") = "MetroMonitor.WebService", "MetroMonitor.WebService\MetroMonitor.WebService.csproj", "{E9FAE830-8EA3-4110-B4E0-0A15477BA571}"
EndProject
Project("{FAE04EC0-301F-11D3-BF4B-00C04F79EFBC}") = "MetroMonitor.DesktopInterface", "MetroMonitor.DesktopInterface\MetroMonitor.DesktopInterface.csproj", "{0A742450-F3BC-40A5-9E2F-EB992DDB52A4}"
	ProjectSection(ProjectDependencies) = postProject
		{E9FAE830-8EA3-4110-B4E0-0A15477BA571} = {E9FAE830-8EA3-4110-B4E0-0A15477BA571}
	EndProjectSection
EndProject
Project("{FAE04EC0-301F-11D3-BF4B-00C04F79EFBC}") = "MetroMonitor.MobileInterface", "MetroMonitor.MobileInterface\MetroMonitor.MobileInterface.csproj", "{A69826BF-5C8F-48F7-A680-3086A2D92D02}"
	ProjectSection(ProjectDependencies) = postProject
		{E9FAE830-8EA3-4110-B4E0-0A15477BA571} = {E9FAE830-8EA3-4110-B4E0-0A15477BA571}
	EndProjectSection
EndProject
Project("{FAE04EC0-301F-11D3-BF4B-00C04F79EFBC}") = "MetroMonitor.Mobile", "MetroMonitor.Mobile\MetroMonitor.Mobile.csproj", "{59250329-4FAC-4D06-9DDA-23CD5599B220}"
EndProject
Global
	GlobalSection(SolutionConfigurationPlatforms) = preSolution
		Debug|Any CPU = Debug|Any CPU
		Debug|ARM = Debug|ARM
		Debug|x64 = Debug|x64
		Debug|x86 = Debug|x86
		Release|Any CPU = Release|Any CPU
		Release|ARM = Release|ARM
		Release|x64 = Release|x64
		Release|x86 = Release|x86
	EndGlobalSection
	GlobalSection(ProjectConfigurationPlatforms) = postSolution
		{638643DF-E1DF-4577-8DD5-FFE0779EE18F}.Debug|Any CPU.ActiveCfg = Debug|Any CPU
		{638643DF-E1DF-4577-8DD5-FFE0779EE18F}.Debug|Any CPU.Build.0 = Debug|Any CPU
		{638643DF-E1DF-4577-8DD5-FFE0779EE18F}.Debug|ARM.ActiveCfg = Debug|Any CPU
		{638643DF-E1DF-4577-8DD5-FFE0779EE18F}.Debug|x64.ActiveCfg = Debug|Any CPU
		{638643DF-E1DF-4577-8DD5-FFE0779EE18F}.Debug|x86.ActiveCfg = Debug|Any CPU
		{638643DF-E1DF-4577-8DD5-FFE0779EE18F}.Release|Any CPU.ActiveCfg = Release|Any CPU
		{638643DF-E1DF-4577-8DD5-FFE0779EE18F}.Release|Any CPU.Build.0 = Release|Any CPU
		{638643DF-E1DF-4577-8DD5-FFE0779EE18F}.Release|ARM.ActiveCfg = Release|Any CPU
		{638643DF-E1DF-4577-8DD5-FFE0779EE18F}.Release|x64.ActiveCfg = Release|Any CPU
		{638643DF-E1DF-4577-8DD5-FFE0779EE18F}.Release|x86.ActiveCfg = Release|Any CPU
		{369F0B50-EC9E-4E92-ABEB-B9D49966456D}.Debug|Any CPU.ActiveCfg = Debug|Any CPU
		{369F0B50-EC9E-4E92-ABEB-B9D49966456D}.Debug|Any CPU.Build.0 = Debug|Any CPU
		{369F0B50-EC9E-4E92-ABEB-B9D49966456D}.Debug|ARM.ActiveCfg = Debug|Any CPU
		{369F0B50-EC9E-4E92-ABEB-B9D49966456D}.Debug|x64.ActiveCfg = Debug|Any CPU
		{369F0B50-EC9E-4E92-ABEB-B9D49966456D}.Debug|x86.ActiveCfg = Debug|Any CPU
		{369F0B50-EC9E-4E92-ABEB-B9D49966456D}.Release|Any CPU.ActiveCfg = Release|Any CPU
		{369F0B50-EC9E-4E92-ABEB-B9D49966456D}.Release|Any CPU.Build.0 = Release|Any CPU
		{369F0B50-EC9E-4E92-ABEB-B9D49966456D}.Release|ARM.ActiveCfg = Release|Any CPU
		{369F0B50-EC9E-4E92-ABEB-B9D49966456D}.Release|x64.ActiveCfg = Release|Any CPU
		{369F0B50-EC9E-4E92-ABEB-B9D49966456D}.Release|x86.ActiveCfg = Release|Any CPU
		{D0EB8D00-EABA-4E7B-A114-F577028FD850}.Debug|Any CPU.ActiveCfg = Debug|Any CPU
		{D0EB8D00-EABA-4E7B-A114-F577028FD850}.Debug|Any CPU.Build.0 = Debug|Any CPU
		{D0EB8D00-EABA-4E7B-A114-F577028FD850}.Debug|ARM.ActiveCfg = Debug|Any CPU
		{D0EB8D00-EABA-4E7B-A114-F577028FD850}.Debug|x64.ActiveCfg = Debug|Any CPU
		{D0EB8D00-EABA-4E7B-A114-F577028FD850}.Debug|x86.ActiveCfg = Debug|Any CPU
		{D0EB8D00-EABA-4E7B-A114-F577028FD850}.Release|Any CPU.ActiveCfg = Release|Any CPU
		{D0EB8D00-EABA-4E7B-A114-F577028FD850}.Release|Any CPU.Build.0 = Release|Any CPU
		{D0EB8D00-EABA-4E7B-A114-F577028FD850}.Release|ARM.ActiveCfg = Release|Any CPU
		{D0EB8D00-EABA-4E7B-A114-F577028FD850}.Release|x64.ActiveCfg = Release|Any CPU
		{D0EB8D00-EABA-4E7B-A114-F577028FD850}.Release|x86.ActiveCfg = Release|Any CPU
		{1F73064F-518B-4993-9CF9-27A94470AD60}.Debug|Any CPU.ActiveCfg = Debug|Any CPU
		{1F73064F-518B-4993-9CF9-27A94470AD60}.Debug|Any CPU.Build.0 = Debug|Any CPU
		{1F73064F-518B-4993-9CF9-27A94470AD60}.Debug|ARM.ActiveCfg = Debug|Any CPU
		{1F73064F-518B-4993-9CF9-27A94470AD60}.Debug|x64.ActiveCfg = Debug|Any CPU
		{1F73064F-518B-4993-9CF9-27A94470AD60}.Debug|x86.ActiveCfg = Debug|Any CPU
		{1F73064F-518B-4993-9CF9-27A94470AD60}.Release|Any CPU.ActiveCfg = Release|Any CPU
		{1F73064F-518B-4993-9CF9-27A94470AD60}.Release|Any CPU.Build.0 = Release|Any CPU
		{1F73064F-518B-4993-9CF9-27A94470AD60}.Release|ARM.ActiveCfg = Release|Any CPU
		{1F73064F-518B-4993-9CF9-27A94470AD60}.Release|x64.ActiveCfg = Release|Any CPU
		{1F73064F-518B-4993-9CF9-27A94470AD60}.Release|x86.ActiveCfg = Release|Any CPU
		{E9FAE830-8EA3-4110-B4E0-0A15477BA571}.Debug|Any CPU.ActiveCfg = Debug|Any CPU
		{E9FAE830-8EA3-4110-B4E0-0A15477BA571}.Debug|Any CPU.Build.0 = Debug|Any CPU
		{E9FAE830-8EA3-4110-B4E0-0A15477BA571}.Debug|ARM.ActiveCfg = Debug|Any CPU
		{E9FAE830-8EA3-4110-B4E0-0A15477BA571}.Debug|x64.ActiveCfg = Debug|Any CPU
		{E9FAE830-8EA3-4110-B4E0-0A15477BA571}.Debug|x86.ActiveCfg = Debug|Any CPU
		{E9FAE830-8EA3-4110-B4E0-0A15477BA571}.Release|Any CPU.ActiveCfg = Release|Any CPU
		{E9FAE830-8EA3-4110-B4E0-0A15477BA571}.Release|Any CPU.Build.0 = Release|Any CPU
		{E9FAE830-8EA3-4110-B4E0-0A15477BA571}.Release|ARM.ActiveCfg = Release|Any CPU
		{E9FAE830-8EA3-4110-B4E0-0A15477BA571}.Release|x64.ActiveCfg = Release|Any CPU
		{E9FAE830-8EA3-4110-B4E0-0A15477BA571}.Release|x86.ActiveCfg = Release|Any CPU
		{0A742450-F3BC-40A5-9E2F-EB992DDB52A4}.Debug|Any CPU.ActiveCfg = Debug|Any CPU
		{0A742450-F3BC-40A5-9E2F-EB992DDB52A4}.Debug|Any CPU.Build.0 = Debug|Any CPU
		{0A742450-F3BC-40A5-9E2F-EB992DDB52A4}.Debug|Any CPU.Deploy.0 = Debug|Any CPU
		{0A742450-F3BC-40A5-9E2F-EB992DDB52A4}.Debug|ARM.ActiveCfg = Debug|ARM
		{0A742450-F3BC-40A5-9E2F-EB992DDB52A4}.Debug|ARM.Build.0 = Debug|ARM
		{0A742450-F3BC-40A5-9E2F-EB992DDB52A4}.Debug|ARM.Deploy.0 = Debug|ARM
		{0A742450-F3BC-40A5-9E2F-EB992DDB52A4}.Debug|x64.ActiveCfg = Debug|x64
		{0A742450-F3BC-40A5-9E2F-EB992DDB52A4}.Debug|x64.Build.0 = Debug|x64
		{0A742450-F3BC-40A5-9E2F-EB992DDB52A4}.Debug|x64.Deploy.0 = Debug|x64
		{0A742450-F3BC-40A5-9E2F-EB992DDB52A4}.Debug|x86.ActiveCfg = Debug|x86
		{0A742450-F3BC-40A5-9E2F-EB992DDB52A4}.Debug|x86.Build.0 = Debug|x86
		{0A742450-F3BC-40A5-9E2F-EB992DDB52A4}.Debug|x86.Deploy.0 = Debug|x86
		{0A742450-F3BC-40A5-9E2F-EB992DDB52A4}.Release|Any CPU.ActiveCfg = Release|Any CPU
		{0A742450-F3BC-40A5-9E2F-EB992DDB52A4}.Release|Any CPU.Build.0 = Release|Any CPU
		{0A742450-F3BC-40A5-9E2F-EB992DDB52A4}.Release|Any CPU.Deploy.0 = Release|Any CPU
		{0A742450-F3BC-40A5-9E2F-EB992DDB52A4}.Release|ARM.ActiveCfg = Release|ARM
		{0A742450-F3BC-40A5-9E2F-EB992DDB52A4}.Release|ARM.Build.0 = Release|ARM
		{0A742450-F3BC-40A5-9E2F-EB992DDB52A4}.Release|ARM.Deploy.0 = Release|ARM
		{0A742450-F3BC-40A5-9E2F-EB992DDB52A4}.Release|x64.ActiveCfg = Release|x64
		{0A742450-F3BC-40A5-9E2F-EB992DDB52A4}.Release|x64.Build.0 = Release|x64
		{0A742450-F3BC-40A5-9E2F-EB992DDB52A4}.Release|x64.Deploy.0 = Release|x64
		{0A742450-F3BC-40A5-9E2F-EB992DDB52A4}.Release|x86.ActiveCfg = Release|x86
		{0A742450-F3BC-40A5-9E2F-EB992DDB52A4}.Release|x86.Build.0 = Release|x86
		{0A742450-F3BC-40A5-9E2F-EB992DDB52A4}.Release|x86.Deploy.0 = Release|x86
		{A69826BF-5C8F-48F7-A680-3086A2D92D02}.Debug|Any CPU.ActiveCfg = Debug|Any CPU
		{A69826BF-5C8F-48F7-A680-3086A2D92D02}.Debug|Any CPU.Build.0 = Debug|Any CPU
		{A69826BF-5C8F-48F7-A680-3086A2D92D02}.Debug|Any CPU.Deploy.0 = Debug|Any CPU
		{A69826BF-5C8F-48F7-A680-3086A2D92D02}.Debug|ARM.ActiveCfg = Debug|ARM
		{A69826BF-5C8F-48F7-A680-3086A2D92D02}.Debug|ARM.Build.0 = Debug|ARM
		{A69826BF-5C8F-48F7-A680-3086A2D92D02}.Debug|ARM.Deploy.0 = Debug|ARM
		{A69826BF-5C8F-48F7-A680-3086A2D92D02}.Debug|x64.ActiveCfg = Debug|Any CPU
		{A69826BF-5C8F-48F7-A680-3086A2D92D02}.Debug|x86.ActiveCfg = Debug|x86
		{A69826BF-5C8F-48F7-A680-3086A2D92D02}.Debug|x86.Build.0 = Debug|x86
		{A69826BF-5C8F-48F7-A680-3086A2D92D02}.Debug|x86.Deploy.0 = Debug|x86
		{A69826BF-5C8F-48F7-A680-3086A2D92D02}.Release|Any CPU.ActiveCfg = Release|Any CPU
		{A69826BF-5C8F-48F7-A680-3086A2D92D02}.Release|Any CPU.Build.0 = Release|Any CPU
		{A69826BF-5C8F-48F7-A680-3086A2D92D02}.Release|Any CPU.Deploy.0 = Release|Any CPU
		{A69826BF-5C8F-48F7-A680-3086A2D92D02}.Release|ARM.ActiveCfg = Release|ARM
		{A69826BF-5C8F-48F7-A680-3086A2D92D02}.Release|ARM.Build.0 = Release|ARM
		{A69826BF-5C8F-48F7-A680-3086A2D92D02}.Release|ARM.Deploy.0 = Release|ARM
		{A69826BF-5C8F-48F7-A680-3086A2D92D02}.Release|x64.ActiveCfg = Release|Any CPU
		{A69826BF-5C8F-48F7-A680-3086A2D92D02}.Release|x86.ActiveCfg = Release|x86
		{A69826BF-5C8F-48F7-A680-3086A2D92D02}.Release|x86.Build.0 = Release|x86
		{A69826BF-5C8F-48F7-A680-3086A2D92D02}.Release|x86.Deploy.0 = Release|x86
		{59250329-4FAC-4D06-9DDA-23CD5599B220}.Debug|Any CPU.ActiveCfg = Debug|Any CPU
		{59250329-4FAC-4D06-9DDA-23CD5599B220}.Debug|Any CPU.Build.0 = Debug|Any CPU
		{59250329-4FAC-4D06-9DDA-23CD5599B220}.Debug|Any CPU.Deploy.0 = Debug|Any CPU
		{59250329-4FAC-4D06-9DDA-23CD5599B220}.Debug|ARM.ActiveCfg = Debug|Any CPU
		{59250329-4FAC-4D06-9DDA-23CD5599B220}.Debug|x64.ActiveCfg = Debug|Any CPU
		{59250329-4FAC-4D06-9DDA-23CD5599B220}.Debug|x86.ActiveCfg = Debug|Any CPU
		{59250329-4FAC-4D06-9DDA-23CD5599B220}.Release|Any CPU.ActiveCfg = Release|Any CPU
		{59250329-4FAC-4D06-9DDA-23CD5599B220}.Release|Any CPU.Build.0 = Release|Any CPU
		{59250329-4FAC-4D06-9DDA-23CD5599B220}.Release|Any CPU.Deploy.0 = Release|Any CPU
		{59250329-4FAC-4D06-9DDA-23CD5599B220}.Release|ARM.ActiveCfg = Release|Any CPU
		{59250329-4FAC-4D06-9DDA-23CD5599B220}.Release|x64.ActiveCfg = Release|Any CPU
		{59250329-4FAC-4D06-9DDA-23CD5599B220}.Release|x86.ActiveCfg = Release|Any CPU
	EndGlobalSection
	GlobalSection(SolutionProperties) = preSolution
		HideSolutionNode = FALSE
	EndGlobalSection
EndGlobal
